// !$*UTF8*$!
{
	archiveVersion = 1;
	classes = {
	};
	objectVersion = 56;
	objects = {

/* Begin PBXBuildFile section */
		BD0E52092A38BA1A00DB0965 /* selectscreen.swift in Sources */ = {isa = PBXBuildFile; fileRef = BD0E52082A38BA1A00DB0965 /* selectscreen.swift */; };
		BD0E520B2A38BA6500DB0965 /* whyrecycle.swift in Sources */ = {isa = PBXBuildFile; fileRef = BD0E520A2A38BA6500DB0965 /* whyrecycle.swift */; };
		BD0E520D2A38BF4100DB0965 /* sustainablefashion.swift in Sources */ = {isa = PBXBuildFile; fileRef = BD0E520C2A38BF4100DB0965 /* sustainablefashion.swift */; };
		BD2418882A3A129E00FC4442 /* liquidwaste.swift in Sources */ = {isa = PBXBuildFile; fileRef = BD2418872A3A129E00FC4442 /* liquidwaste.swift */; };
		BD2AC43F2A37B59B00064D10 /* Work_the_WasteApp.swift in Sources */ = {isa = PBXBuildFile; fileRef = BD2AC43E2A37B59B00064D10 /* Work_the_WasteApp.swift */; };
		BD2AC4412A37B59B00064D10 /* ContentView.swift in Sources */ = {isa = PBXBuildFile; fileRef = BD2AC4402A37B59B00064D10 /* ContentView.swift */; };
		BD2AC4432A37B59B00064D10 /* Assets.xcassets in Resources */ = {isa = PBXBuildFile; fileRef = BD2AC4422A37B59B00064D10 /* Assets.xcassets */; };
		BD2AC4462A37B59B00064D10 /* Preview Assets.xcassets in Resources */ = {isa = PBXBuildFile; fileRef = BD2AC4452A37B59B00064D10 /* Preview Assets.xcassets */; };
		BD395DEE2A3A1CFF0029034A /* solidwaste.swift in Sources */ = {isa = PBXBuildFile; fileRef = BD395DED2A3A1CFF0029034A /* solidwaste.swift */; };
		BD395DF02A3A1D080029034A /* recyclablewaste.swift in Sources */ = {isa = PBXBuildFile; fileRef = BD395DEF2A3A1D080029034A /* recyclablewaste.swift */; };
		BD395DF22A3A1D100029034A /* hazardouswaste.swift in Sources */ = {isa = PBXBuildFile; fileRef = BD395DF12A3A1D100029034A /* hazardouswaste.swift */; };
		BD395DF52A3A3E200029034A /* Roboto-Regular.ttf in Resources */ = {isa = PBXBuildFile; fileRef = BD395DF42A3A3E200029034A /* Roboto-Regular.ttf */; };
		BD395DF82A3A490C0029034A /* DecompositionCalculator.swift in Sources */ = {isa = PBXBuildFile; fileRef = BD395DF72A3A490C0029034A /* DecompositionCalculator.swift */; };
		BD494BCD2A3B5BC900073450 /* uglyfood.swift in Sources */ = {isa = PBXBuildFile; fileRef = BD494BCC2A3B5BC900073450 /* uglyfood.swift */; };
		BD494BCF2A3B5BDD00073450 /* makingfoodlast.swift in Sources */ = {isa = PBXBuildFile; fileRef = BD494BCE2A3B5BDD00073450 /* makingfoodlast.swift */; };
		BD494BD12A3B6BF600073450 /* fashionbrands.swift in Sources */ = {isa = PBXBuildFile; fileRef = BD494BD02A3B6BF600073450 /* fashionbrands.swift */; };
		BD494BD32A3B70B700073450 /* sources.swift in Sources */ = {isa = PBXBuildFile; fileRef = BD494BD22A3B70B700073450 /* sources.swift */; };
		BD494BD72A3B772A00073450 /* Playfair-VariableFont_opsz,wdth,wght.ttf in Resources */ = {isa = PBXBuildFile; fileRef = BD494BD62A3B772A00073450 /* Playfair-VariableFont_opsz,wdth,wght.ttf */; };
		BDC1D75C2A390BB200226A87 /* organicwaste.swift in Sources */ = {isa = PBXBuildFile; fileRef = BDC1D75B2A390BB200226A87 /* organicwaste.swift */; };
/* End PBXBuildFile section */

/* Begin PBXFileReference section */
		BD0E52082A38BA1A00DB0965 /* selectscreen.swift */ = {isa = PBXFileReference; lastKnownFileType = sourcecode.swift; path = selectscreen.swift; sourceTree = "<group>"; };
		BD0E520A2A38BA6500DB0965 /* whyrecycle.swift */ = {isa = PBXFileReference; lastKnownFileType = sourcecode.swift; path = whyrecycle.swift; sourceTree = "<group>"; };
		BD0E520C2A38BF4100DB0965 /* sustainablefashion.swift */ = {isa = PBXFileReference; lastKnownFileType = sourcecode.swift; path = sustainablefashion.swift; sourceTree = "<group>"; };
		BD2418872A3A129E00FC4442 /* liquidwaste.swift */ = {isa = PBXFileReference; lastKnownFileType = sourcecode.swift; path = liquidwaste.swift; sourceTree = "<group>"; };
		BD2AC43B2A37B59B00064D10 /* Work the Waste.app */ = {isa = PBXFileReference; explicitFileType = wrapper.application; includeInIndex = 0; path = "Work the Waste.app"; sourceTree = BUILT_PRODUCTS_DIR; };
		BD2AC43E2A37B59B00064D10 /* Work_the_WasteApp.swift */ = {isa = PBXFileReference; lastKnownFileType = sourcecode.swift; path = Work_the_WasteApp.swift; sourceTree = "<group>"; };
		BD2AC4402A37B59B00064D10 /* ContentView.swift */ = {isa = PBXFileReference; lastKnownFileType = sourcecode.swift; path = ContentView.swift; sourceTree = "<group>"; };
		BD2AC4422A37B59B00064D10 /* Assets.xcassets */ = {isa = PBXFileReference; lastKnownFileType = folder.assetcatalog; path = Assets.xcassets; sourceTree = "<group>"; };
		BD2AC4452A37B59B00064D10 /* Preview Assets.xcassets */ = {isa = PBXFileReference; lastKnownFileType = folder.assetcatalog; path = "Preview Assets.xcassets"; sourceTree = "<group>"; };
		BD395DED2A3A1CFF0029034A /* solidwaste.swift */ = {isa = PBXFileReference; lastKnownFileType = sourcecode.swift; path = solidwaste.swift; sourceTree = "<group>"; };
		BD395DEF2A3A1D080029034A /* recyclablewaste.swift */ = {isa = PBXFileReference; lastKnownFileType = sourcecode.swift; path = recyclablewaste.swift; sourceTree = "<group>"; };
		BD395DF12A3A1D100029034A /* hazardouswaste.swift */ = {isa = PBXFileReference; lastKnownFileType = sourcecode.swift; path = hazardouswaste.swift; sourceTree = "<group>"; };
		BD395DF42A3A3E200029034A /* Roboto-Regular.ttf */ = {isa = PBXFileReference; lastKnownFileType = file; path = "Roboto-Regular.ttf"; sourceTree = "<group>"; };
		BD395DF62A3A3E5F0029034A /* Work-the-Waste-Info.plist */ = {isa = PBXFileReference; lastKnownFileType = text.plist; path = "Work-the-Waste-Info.plist"; sourceTree = SOURCE_ROOT; };
		BD395DF72A3A490C0029034A /* DecompositionCalculator.swift */ = {isa = PBXFileReference; lastKnownFileType = sourcecode.swift; path = DecompositionCalculator.swift; sourceTree = "<group>"; };
		BD494BCC2A3B5BC900073450 /* uglyfood.swift */ = {isa = PBXFileReference; lastKnownFileType = sourcecode.swift; path = uglyfood.swift; sourceTree = "<group>"; };
		BD494BCE2A3B5BDD00073450 /* makingfoodlast.swift */ = {isa = PBXFileReference; lastKnownFileType = sourcecode.swift; path = makingfoodlast.swift; sourceTree = "<group>"; };
		BD494BD02A3B6BF600073450 /* fashionbrands.swift */ = {isa = PBXFileReference; lastKnownFileType = sourcecode.swift; path = fashionbrands.swift; sourceTree = "<group>"; };
		BD494BD22A3B70B700073450 /* sources.swift */ = {isa = PBXFileReference; lastKnownFileType = sourcecode.swift; path = sources.swift; sourceTree = "<group>"; };
		BD494BD62A3B772A00073450 /* Playfair-VariableFont_opsz,wdth,wght.ttf */ = {isa = PBXFileReference; lastKnownFileType = file; path = "Playfair-VariableFont_opsz,wdth,wght.ttf"; sourceTree = "<group>"; };
		BDC1D75B2A390BB200226A87 /* organicwaste.swift */ = {isa = PBXFileReference; lastKnownFileType = sourcecode.swift; path = organicwaste.swift; sourceTree = "<group>"; };
/* End PBXFileReference section */

/* Begin PBXFrameworksBuildPhase section */
		BD2AC4382A37B59B00064D10 /* Frameworks */ = {
			isa = PBXFrameworksBuildPhase;
			buildActionMask = 2147483647;
			files = (
			);
			runOnlyForDeploymentPostprocessing = 0;
		};
/* End PBXFrameworksBuildPhase section */

/* Begin PBXGroup section */
		BD2AC4322A37B59A00064D10 = {
			isa = PBXGroup;
			children = (
				BD2AC43D2A37B59B00064D10 /* Work the Waste */,
				BD2AC43C2A37B59B00064D10 /* Products */,
			);
			sourceTree = "<group>";
		};
		BD2AC43C2A37B59B00064D10 /* Products */ = {
			isa = PBXGroup;
			children = (
				BD2AC43B2A37B59B00064D10 /* Work the Waste.app */,
			);
			name = Products;
			sourceTree = "<group>";
		};
		BD2AC43D2A37B59B00064D10 /* Work the Waste */ = {
			isa = PBXGroup;
			children = (
				BD395DF62A3A3E5F0029034A /* Work-the-Waste-Info.plist */,
				BD395DF32A3A3E040029034A /* Custom Fonts */,
				BD2AC43E2A37B59B00064D10 /* Work_the_WasteApp.swift */,
				BD2AC4402A37B59B00064D10 /* ContentView.swift */,
				BD494BD22A3B70B700073450 /* sources.swift */,
				BD0E520A2A38BA6500DB0965 /* whyrecycle.swift */,
				BD0E52082A38BA1A00DB0965 /* selectscreen.swift */,
				BDC1D75B2A390BB200226A87 /* organicwaste.swift */,
				BD494BCE2A3B5BDD00073450 /* makingfoodlast.swift */,
				BD494BCC2A3B5BC900073450 /* uglyfood.swift */,
				BD2418872A3A129E00FC4442 /* liquidwaste.swift */,
				BD395DED2A3A1CFF0029034A /* solidwaste.swift */,
				BD395DEF2A3A1D080029034A /* recyclablewaste.swift */,
				BD395DF12A3A1D100029034A /* hazardouswaste.swift */,
				BD0E520C2A38BF4100DB0965 /* sustainablefashion.swift */,
				BD494BD02A3B6BF600073450 /* fashionbrands.swift */,
				BD395DF72A3A490C0029034A /* DecompositionCalculator.swift */,
				BD2AC4422A37B59B00064D10 /* Assets.xcassets */,
				BD2AC4442A37B59B00064D10 /* Preview Content */,
			);
			path = "Work the Waste";
			sourceTree = "<group>";
		};
		BD2AC4442A37B59B00064D10 /* Preview Content */ = {
			isa = PBXGroup;
			children = (
				BD2AC4452A37B59B00064D10 /* Preview Assets.xcassets */,
			);
			path = "Preview Content";
			sourceTree = "<group>";
		};
		BD395DF32A3A3E040029034A /* Custom Fonts */ = {
			isa = PBXGroup;
			children = (
				BD395DF42A3A3E200029034A /* Roboto-Regular.ttf */,
				BD494BD62A3B772A00073450 /* Playfair-VariableFont_opsz,wdth,wght.ttf */,
			);
			path = "Custom Fonts";
			sourceTree = "<group>";
		};
/* End PBXGroup section */

/* Begin PBXNativeTarget section */
		BD2AC43A2A37B59B00064D10 /* Work the Waste */ = {
			isa = PBXNativeTarget;
			buildConfigurationList = BD2AC4492A37B59B00064D10 /* Build configuration list for PBXNativeTarget "Work the Waste" */;
			buildPhases = (
				BD2AC4372A37B59B00064D10 /* Sources */,
				BD2AC4382A37B59B00064D10 /* Frameworks */,
				BD2AC4392A37B59B00064D10 /* Resources */,
			);
			buildRules = (
			);
			dependencies = (
			);
			name = "Work the Waste";
			productName = "Work the Waste";
			productReference = BD2AC43B2A37B59B00064D10 /* Work the Waste.app */;
			productType = "com.apple.product-type.application";
		};
/* End PBXNativeTarget section */

/* Begin PBXProject section */
		BD2AC4332A37B59A00064D10 /* Project object */ = {
			isa = PBXProject;
			attributes = {
				BuildIndependentTargetsInParallel = 1;
				LastSwiftUpdateCheck = 1430;
				LastUpgradeCheck = 1430;
				TargetAttributes = {
					BD2AC43A2A37B59B00064D10 = {
						CreatedOnToolsVersion = 14.3.1;
					};
				};
			};
			buildConfigurationList = BD2AC4362A37B59A00064D10 /* Build configuration list for PBXProject "Work the Waste" */;
			compatibilityVersion = "Xcode 14.0";
			developmentRegion = en;
			hasScannedForEncodings = 0;
			knownRegions = (
				en,
				Base,
			);
			mainGroup = BD2AC4322A37B59A00064D10;
			productRefGroup = BD2AC43C2A37B59B00064D10 /* Products */;
			projectDirPath = "";
			projectRoot = "";
			targets = (
				BD2AC43A2A37B59B00064D10 /* Work the Waste */,
			);
		};
/* End PBXProject section */

/* Begin PBXResourcesBuildPhase section */
		BD2AC4392A37B59B00064D10 /* Resources */ = {
			isa = PBXResourcesBuildPhase;
			buildActionMask = 2147483647;
			files = (
				BD395DF52A3A3E200029034A /* Roboto-Regular.ttf in Resources */,
				BD2AC4462A37B59B00064D10 /* Preview Assets.xcassets in Resources */,
				BD494BD72A3B772A00073450 /* Playfair-VariableFont_opsz,wdth,wght.ttf in Resources */,
				BD2AC4432A37B59B00064D10 /* Assets.xcassets in Resources */,
			);
			runOnlyForDeploymentPostprocessing = 0;
		};
/* End PBXResourcesBuildPhase section */

/* Begin PBXSourcesBuildPhase section */
		BD2AC4372A37B59B00064D10 /* Sources */ = {
			isa = PBXSourcesBuildPhase;
			buildActionMask = 2147483647;
			files = (
				BD494BCF2A3B5BDD00073450 /* makingfoodlast.swift in Sources */,
				BD2AC4412A37B59B00064D10 /* ContentView.swift in Sources */,
				BD494BD12A3B6BF600073450 /* fashionbrands.swift in Sources */,
				BD2418882A3A129E00FC4442 /* liquidwaste.swift in Sources */,
				BD494BCD2A3B5BC900073450 /* uglyfood.swift in Sources */,
				BD395DEE2A3A1CFF0029034A /* solidwaste.swift in Sources */,
				BD0E52092A38BA1A00DB0965 /* selectscreen.swift in Sources */,
				BD494BD32A3B70B700073450 /* sources.swift in Sources */,
				BD395DF22A3A1D100029034A /* hazardouswaste.swift in Sources */,
				BDC1D75C2A390BB200226A87 /* organicwaste.swift in Sources */,
				BD0E520B2A38BA6500DB0965 /* whyrecycle.swift in Sources */,
				BD0E520D2A38BF4100DB0965 /* sustainablefashion.swift in Sources */,
				BD2AC43F2A37B59B00064D10 /* Work_the_WasteApp.swift in Sources */,
				BD395DF82A3A490C0029034A /* DecompositionCalculator.swift in Sources */,
				BD395DF02A3A1D080029034A /* recyclablewaste.swift in Sources */,
			);
			runOnlyForDeploymentPostprocessing = 0;
		};
/* End PBXSourcesBuildPhase section */

/* Begin XCBuildConfiguration section */
		BD2AC4472A37B59B00064D10 /* Debug */ = {
			isa = XCBuildConfiguration;
			buildSettings = {
				ALWAYS_SEARCH_USER_PATHS = NO;
				CLANG_ANALYZER_NONNULL = YES;
				CLANG_ANALYZER_NUMBER_OBJECT_CONVERSION = YES_AGGRESSIVE;
				CLANG_CXX_LANGUAGE_STANDARD = "gnu++20";
				CLANG_ENABLE_MODULES = YES;
				CLANG_ENABLE_OBJC_ARC = YES;
				CLANG_ENABLE_OBJC_WEAK = YES;
				CLANG_WARN_BLOCK_CAPTURE_AUTORELEASING = YES;
				CLANG_WARN_BOOL_CONVERSION = YES;
				CLANG_WARN_COMMA = YES;
				CLANG_WARN_CONSTANT_CONVERSION = YES;
				CLANG_WARN_DEPRECATED_OBJC_IMPLEMENTATIONS = YES;
				CLANG_WARN_DIRECT_OBJC_ISA_USAGE = YES_ERROR;
				CLANG_WARN_DOCUMENTATION_COMMENTS = YES;
				CLANG_WARN_EMPTY_BODY = YES;
				CLANG_WARN_ENUM_CONVERSION = YES;
				CLANG_WARN_INFINITE_RECURSION = YES;
				CLANG_WARN_INT_CONVERSION = YES;
				CLANG_WARN_NON_LITERAL_NULL_CONVERSION = YES;
				CLANG_WARN_OBJC_IMPLICIT_RETAIN_SELF = YES;
				CLANG_WARN_OBJC_LITERAL_CONVERSION = YES;
				CLANG_WARN_OBJC_ROOT_CLASS = YES_ERROR;
				CLANG_WARN_QUOTED_INCLUDE_IN_FRAMEWORK_HEADER = YES;
				CLANG_WARN_RANGE_LOOP_ANALYSIS = YES;
				CLANG_WARN_STRICT_PROTOTYPES = YES;
				CLANG_WARN_SUSPICIOUS_MOVE = YES;
				CLANG_WARN_UNGUARDED_AVAILABILITY = YES_AGGRESSIVE;
				CLANG_WARN_UNREACHABLE_CODE = YES;
				CLANG_WARN__DUPLICATE_METHOD_MATCH = YES;
				COPY_PHASE_STRIP = NO;
				DEBUG_INFORMATION_FORMAT = dwarf;
				ENABLE_STRICT_OBJC_MSGSEND = YES;
				ENABLE_TESTABILITY = YES;
				GCC_C_LANGUAGE_STANDARD = gnu11;
				GCC_DYNAMIC_NO_PIC = NO;
				GCC_NO_COMMON_BLOCKS = YES;
				GCC_OPTIMIZATION_LEVEL = 0;
				GCC_PREPROCESSOR_DEFINITIONS = (
					"DEBUG=1",
					"$(inherited)",
				);
				GCC_WARN_64_TO_32_BIT_CONVERSION = YES;
				GCC_WARN_ABOUT_RETURN_TYPE = YES_ERROR;
				GCC_WARN_UNDECLARED_SELECTOR = YES;
				GCC_WARN_UNINITIALIZED_AUTOS = YES_AGGRESSIVE;
				GCC_WARN_UNUSED_FUNCTION = YES;
				GCC_WARN_UNUSED_VARIABLE = YES;
				IPHONEOS_DEPLOYMENT_TARGET = 16.4;
				MTL_ENABLE_DEBUG_INFO = INCLUDE_SOURCE;
				MTL_FAST_MATH = YES;
				ONLY_ACTIVE_ARCH = YES;
				SDKROOT = iphoneos;
				SWIFT_ACTIVE_COMPILATION_CONDITIONS = DEBUG;
				SWIFT_OPTIMIZATION_LEVEL = "-Onone";
			};
			name = Debug;
		};
		BD2AC4482A37B59B00064D10 /* Release */ = {
			isa = XCBuildConfiguration;
			buildSettings = {
				ALWAYS_SEARCH_USER_PATHS = NO;
				CLANG_ANALYZER_NONNULL = YES;
				CLANG_ANALYZER_NUMBER_OBJECT_CONVERSION = YES_AGGRESSIVE;
				CLANG_CXX_LANGUAGE_STANDARD = "gnu++20";
				CLANG_ENABLE_MODULES = YES;
				CLANG_ENABLE_OBJC_ARC = YES;
				CLANG_ENABLE_OBJC_WEAK = YES;
				CLANG_WARN_BLOCK_CAPTURE_AUTORELEASING = YES;
				CLANG_WARN_BOOL_CONVERSION = YES;
				CLANG_WARN_COMMA = YES;
				CLANG_WARN_CONSTANT_CONVERSION = YES;
				CLANG_WARN_DEPRECATED_OBJC_IMPLEMENTATIONS = YES;
				CLANG_WARN_DIRECT_OBJC_ISA_USAGE = YES_ERROR;
				CLANG_WARN_DOCUMENTATION_COMMENTS = YES;
				CLANG_WARN_EMPTY_BODY = YES;
				CLANG_WARN_ENUM_CONVERSION = YES;
				CLANG_WARN_INFINITE_RECURSION = YES;
				CLANG_WARN_INT_CONVERSION = YES;
				CLANG_WARN_NON_LITERAL_NULL_CONVERSION = YES;
				CLANG_WARN_OBJC_IMPLICIT_RETAIN_SELF = YES;
				CLANG_WARN_OBJC_LITERAL_CONVERSION = YES;
				CLANG_WARN_OBJC_ROOT_CLASS = YES_ERROR;
				CLANG_WARN_QUOTED_INCLUDE_IN_FRAMEWORK_HEADER = YES;
				CLANG_WARN_RANGE_LOOP_ANALYSIS = YES;
				CLANG_WARN_STRICT_PROTOTYPES = YES;
				CLANG_WARN_SUSPICIOUS_MOVE = YES;
				CLANG_WARN_UNGUARDED_AVAILABILITY = YES_AGGRESSIVE;
				CLANG_WARN_UNREACHABLE_CODE = YES;
				CLANG_WARN__DUPLICATE_METHOD_MATCH = YES;
				COPY_PHASE_STRIP = NO;
				DEBUG_INFORMATION_FORMAT = "dwarf-with-dsym";
				ENABLE_NS_ASSERTIONS = NO;
				ENABLE_STRICT_OBJC_MSGSEND = YES;
				GCC_C_LANGUAGE_STANDARD = gnu11;
				GCC_NO_COMMON_BLOCKS = YES;
				GCC_WARN_64_TO_32_BIT_CONVERSION = YES;
				GCC_WARN_ABOUT_RETURN_TYPE = YES_ERROR;
				GCC_WARN_UNDECLARED_SELECTOR = YES;
				GCC_WARN_UNINITIALIZED_AUTOS = YES_AGGRESSIVE;
				GCC_WARN_UNUSED_FUNCTION = YES;
				GCC_WARN_UNUSED_VARIABLE = YES;
				IPHONEOS_DEPLOYMENT_TARGET = 16.4;
				MTL_ENABLE_DEBUG_INFO = NO;
				MTL_FAST_MATH = YES;
				SDKROOT = iphoneos;
				SWIFT_COMPILATION_MODE = wholemodule;
				SWIFT_OPTIMIZATION_LEVEL = "-O";
				VALIDATE_PRODUCT = YES;
			};
			name = Release;
		};
		BD2AC44A2A37B59B00064D10 /* Debug */ = {
			isa = XCBuildConfiguration;
			buildSettings = {
				ASSETCATALOG_COMPILER_APPICON_NAME = AppIcon;
				ASSETCATALOG_COMPILER_GLOBAL_ACCENT_COLOR_NAME = AccentColor;
				CODE_SIGN_STYLE = Automatic;
				CURRENT_PROJECT_VERSION = 1;
				DEVELOPMENT_ASSET_PATHS = "\"Work the Waste/Preview Content\"";
				ENABLE_PREVIEWS = YES;
				GENERATE_INFOPLIST_FILE = YES;
				INFOPLIST_FILE = "Work-the-Waste-Info.plist";
				INFOPLIST_KEY_LSApplicationCategoryType = "";
				INFOPLIST_KEY_UIApplicationSceneManifest_Generation = YES;
				INFOPLIST_KEY_UIApplicationSupportsIndirectInputEvents = YES;
				INFOPLIST_KEY_UILaunchScreen_Generation = YES;
				INFOPLIST_KEY_UISupportedInterfaceOrientations_iPad = "UIInterfaceOrientationPortrait UIInterfaceOrientationPortraitUpsideDown UIInterfaceOrientationLandscapeLeft UIInterfaceOrientationLandscapeRight";
				INFOPLIST_KEY_UISupportedInterfaceOrientations_iPhone = "UIInterfaceOrientationPortrait UIInterfaceOrientationLandscapeLeft UIInterfaceOrientationLandscapeRight";
				LD_RUNPATH_SEARCH_PATHS = (
					"$(inherited)",
					"@executable_path/Frameworks",
				);
				MARKETING_VERSION = 1.0;
				PRODUCT_BUNDLE_IDENTIFIER = "kwk.Work-the-Waste";
				PRODUCT_NAME = "$(TARGET_NAME)";
				SWIFT_EMIT_LOC_STRINGS = YES;
				SWIFT_VERSION = 5.0;
				TARGETED_DEVICE_FAMILY = "1,2";
			};
			name = Debug;
		};
		BD2AC44B2A37B59B00064D10 /* Release */ = {
			isa = XCBuildConfiguration;
			buildSettings = {
				ASSETCATALOG_COMPILER_APPICON_NAME = AppIcon;
				ASSETCATALOG_COMPILER_GLOBAL_ACCENT_COLOR_NAME = AccentColor;
				CODE_SIGN_STYLE = Automatic;
				CURRENT_PROJECT_VERSION = 1;
				DEVELOPMENT_ASSET_PATHS = "\"Work the Waste/Preview Content\"";
				ENABLE_PREVIEWS = YES;
				GENERATE_INFOPLIST_FILE = YES;
				INFOPLIST_FILE = "Work-the-Waste-Info.plist";
				INFOPLIST_KEY_LSApplicationCategoryType = "";
				INFOPLIST_KEY_UIApplicationSceneManifest_Generation = YES;
				INFOPLIST_KEY_UIApplicationSupportsIndirectInputEvents = YES;
				INFOPLIST_KEY_UILaunchScreen_Generation = YES;
				INFOPLIST_KEY_UISupportedInterfaceOrientations_iPad = "UIInterfaceOrientationPortrait UIInterfaceOrientationPortraitUpsideDown UIInterfaceOrientationLandscapeLeft UIInterfaceOrientationLandscapeRight";
				INFOPLIST_KEY_UISupportedInterfaceOrientations_iPhone = "UIInterfaceOrientationPortrait UIInterfaceOrientationLandscapeLeft UIInterfaceOrientationLandscapeRight";
				LD_RUNPATH_SEARCH_PATHS = (
					"$(inherited)",
					"@executable_path/Frameworks",
				);
				MARKETING_VERSION = 1.0;
				PRODUCT_BUNDLE_IDENTIFIER = "kwk.Work-the-Waste";
				PRODUCT_NAME = "$(TARGET_NAME)";
				SWIFT_EMIT_LOC_STRINGS = YES;
				SWIFT_VERSION = 5.0;
				TARGETED_DEVICE_FAMILY = "1,2";
			};
			name = Release;
		};
/* End XCBuildConfiguration section */

/* Begin XCConfigurationList section */
		BD2AC4362A37B59A00064D10 /* Build configuration list for PBXProject "Work the Waste" */ = {
			isa = XCConfigurationList;
			buildConfigurations = (
				BD2AC4472A37B59B00064D10 /* Debug */,
				BD2AC4482A37B59B00064D10 /* Release */,
			);
			defaultConfigurationIsVisible = 0;
			defaultConfigurationName = Release;
		};
		BD2AC4492A37B59B00064D10 /* Build configuration list for PBXNativeTarget "Work the Waste" */ = {
			isa = XCConfigurationList;
			buildConfigurations = (
				BD2AC44A2A37B59B00064D10 /* Debug */,
				BD2AC44B2A37B59B00064D10 /* Release */,
			);
			defaultConfigurationIsVisible = 0;
			defaultConfigurationName = Release;
		};
/* End XCConfigurationList section */
	};
	rootObject = BD2AC4332A37B59A00064D10 /* Project object */;
}
